// !$*UTF8*$!
{
	archiveVersion = 1;
	classes = {
	};
	objectVersion = 46;
	objects = {

/* Begin PBXBuildFile section */
		112ACB79178C68B500F4793C /* UIKit.framework in Frameworks */ = {isa = PBXBuildFile; fileRef = 112ACB78178C68B500F4793C /* UIKit.framework */; };
		112ACB7B178C68B500F4793C /* Foundation.framework in Frameworks */ = {isa = PBXBuildFile; fileRef = 112ACB7A178C68B500F4793C /* Foundation.framework */; };
		112ACB7D178C68B500F4793C /* CoreGraphics.framework in Frameworks */ = {isa = PBXBuildFile; fileRef = 112ACB7C178C68B500F4793C /* CoreGraphics.framework */; };
		112ACB83178C68B500F4793C /* InfoPlist.strings in Resources */ = {isa = PBXBuildFile; fileRef = 112ACB81178C68B500F4793C /* InfoPlist.strings */; };
		112ACB85178C68B500F4793C /* main.m in Sources */ = {isa = PBXBuildFile; fileRef = 112ACB84178C68B500F4793C /* main.m */; };
		112ACB89178C68B500F4793C /* AppDelegate.m in Sources */ = {isa = PBXBuildFile; fileRef = 112ACB88178C68B500F4793C /* AppDelegate.m */; };
		112ACB8B178C68B500F4793C /* Default.png in Resources */ = {isa = PBXBuildFile; fileRef = 112ACB8A178C68B500F4793C /* Default.png */; };
		112ACB8D178C68B500F4793C /* Default@2x.png in Resources */ = {isa = PBXBuildFile; fileRef = 112ACB8C178C68B500F4793C /* Default@2x.png */; };
		112ACB8F178C68B500F4793C /* Default-568h@2x.png in Resources */ = {isa = PBXBuildFile; fileRef = 112ACB8E178C68B500F4793C /* Default-568h@2x.png */; };
		112ACB92178C68B500F4793C /* FirstViewController.m in Sources */ = {isa = PBXBuildFile; fileRef = 112ACB91178C68B500F4793C /* FirstViewController.m */; };
		112ACB94178C68B500F4793C /* first.png in Resources */ = {isa = PBXBuildFile; fileRef = 112ACB93178C68B500F4793C /* first.png */; };
		112ACB96178C68B500F4793C /* first@2x.png in Resources */ = {isa = PBXBuildFile; fileRef = 112ACB95178C68B500F4793C /* first@2x.png */; };
		112ACB99178C68B500F4793C /* SecondViewController.m in Sources */ = {isa = PBXBuildFile; fileRef = 112ACB98178C68B500F4793C /* SecondViewController.m */; };
		112ACB9B178C68B500F4793C /* second.png in Resources */ = {isa = PBXBuildFile; fileRef = 112ACB9A178C68B500F4793C /* second.png */; };
		112ACB9D178C68B500F4793C /* second@2x.png in Resources */ = {isa = PBXBuildFile; fileRef = 112ACB9C178C68B500F4793C /* second@2x.png */; };
		112ACBA0178C68B500F4793C /* FirstViewController.xib in Resources */ = {isa = PBXBuildFile; fileRef = 112ACB9E178C68B500F4793C /* FirstViewController.xib */; };
		112ACBA3178C68B500F4793C /* SecondViewController.xib in Resources */ = {isa = PBXBuildFile; fileRef = 112ACBA1178C68B500F4793C /* SecondViewController.xib */; };
		112ACBAB178C72EC00F4793C /* CustomCell.m in Sources */ = {isa = PBXBuildFile; fileRef = 112ACBAA178C72EC00F4793C /* CustomCell.m */; };
		112ACBAD178C730800F4793C /* CustomView.xib in Resources */ = {isa = PBXBuildFile; fileRef = 112ACBAC178C730700F4793C /* CustomView.xib */; };
/* End PBXBuildFile section */

/* Begin PBXFileReference section */
		112ACB75178C68B500F4793C /* testApp.app */ = {isa = PBXFileReference; explicitFileType = wrapper.application; includeInIndex = 0; path = testApp.app; sourceTree = BUILT_PRODUCTS_DIR; };
		112ACB78178C68B500F4793C /* UIKit.framework */ = {isa = PBXFileReference; lastKnownFileType = wrapper.framework; name = UIKit.framework; path = System/Library/Frameworks/UIKit.framework; sourceTree = SDKROOT; };
		112ACB7A178C68B500F4793C /* Foundation.framework */ = {isa = PBXFileReference; lastKnownFileType = wrapper.framework; name = Foundation.framework; path = System/Library/Frameworks/Foundation.framework; sourceTree = SDKROOT; };
		112ACB7C178C68B500F4793C /* CoreGraphics.framework */ = {isa = PBXFileReference; lastKnownFileType = wrapper.framework; name = CoreGraphics.framework; path = System/Library/Frameworks/CoreGraphics.framework; sourceTree = SDKROOT; };
		112ACB80178C68B500F4793C /* testApp-Info.plist */ = {isa = PBXFileReference; lastKnownFileType = text.plist.xml; path = "testApp-Info.plist"; sourceTree = "<group>"; };
		112ACB82178C68B500F4793C /* en */ = {isa = PBXFileReference; lastKnownFileType = text.plist.strings; name = en; path = en.lproj/InfoPlist.strings; sourceTree = "<group>"; };
		112ACB84178C68B500F4793C /* main.m */ = {isa = PBXFileReference; lastKnownFileType = sourcecode.c.objc; path = main.m; sourceTree = "<group>"; };
		112ACB86178C68B500F4793C /* testApp-Prefix.pch */ = {isa = PBXFileReference; lastKnownFileType = sourcecode.c.h; path = "testApp-Prefix.pch"; sourceTree = "<group>"; };
		112ACB87178C68B500F4793C /* AppDelegate.h */ = {isa = PBXFileReference; lastKnownFileType = sourcecode.c.h; path = AppDelegate.h; sourceTree = "<group>"; };
		112ACB88178C68B500F4793C /* AppDelegate.m */ = {isa = PBXFileReference; lastKnownFileType = sourcecode.c.objc; path = AppDelegate.m; sourceTree = "<group>"; };
		112ACB8A178C68B500F4793C /* Default.png */ = {isa = PBXFileReference; lastKnownFileType = image.png; path = Default.png; sourceTree = "<group>"; };
		112ACB8C178C68B500F4793C /* Default@2x.png */ = {isa = PBXFileReference; lastKnownFileType = image.png; path = "Default@2x.png"; sourceTree = "<group>"; };
		112ACB8E178C68B500F4793C /* Default-568h@2x.png */ = {isa = PBXFileReference; lastKnownFileType = image.png; path = "Default-568h@2x.png"; sourceTree = "<group>"; };
		112ACB90178C68B500F4793C /* FirstViewController.h */ = {isa = PBXFileReference; lastKnownFileType = sourcecode.c.h; path = FirstViewController.h; sourceTree = "<group>"; };
		112ACB91178C68B500F4793C /* FirstViewController.m */ = {isa = PBXFileReference; lastKnownFileType = sourcecode.c.objc; path = FirstViewController.m; sourceTree = "<group>"; };
		112ACB93178C68B500F4793C /* first.png */ = {isa = PBXFileReference; lastKnownFileType = image.png; path = first.png; sourceTree = "<group>"; };
		112ACB95178C68B500F4793C /* first@2x.png */ = {isa = PBXFileReference; lastKnownFileType = image.png; path = "first@2x.png"; sourceTree = "<group>"; };
		112ACB97178C68B500F4793C /* SecondViewController.h */ = {isa = PBXFileReference; lastKnownFileType = sourcecode.c.h; path = SecondViewController.h; sourceTree = "<group>"; };
		112ACB98178C68B500F4793C /* SecondViewController.m */ = {isa = PBXFileReference; lastKnownFileType = sourcecode.c.objc; path = SecondViewController.m; sourceTree = "<group>"; };
		112ACB9A178C68B500F4793C /* second.png */ = {isa = PBXFileReference; lastKnownFileType = image.png; path = second.png; sourceTree = "<group>"; };
		112ACB9C178C68B500F4793C /* second@2x.png */ = {isa = PBXFileReference; lastKnownFileType = image.png; path = "second@2x.png"; sourceTree = "<group>"; };
		112ACB9F178C68B500F4793C /* en */ = {isa = PBXFileReference; lastKnownFileType = file.xib; name = en; path = en.lproj/FirstViewController.xib; sourceTree = "<group>"; };
		112ACBA2178C68B500F4793C /* en */ = {isa = PBXFileReference; lastKnownFileType = file.xib; name = en; path = en.lproj/SecondViewController.xib; sourceTree = "<group>"; };
		112ACBA9178C72EC00F4793C /* CustomCell.h */ = {isa = PBXFileReference; fileEncoding = 4; lastKnownFileType = sourcecode.c.h; path = CustomCell.h; sourceTree = "<group>"; };
		112ACBAA178C72EC00F4793C /* CustomCell.m */ = {isa = PBXFileReference; fileEncoding = 4; lastKnownFileType = sourcecode.c.objc; path = CustomCell.m; sourceTree = "<group>"; };
		112ACBAC178C730700F4793C /* CustomView.xib */ = {isa = PBXFileReference; fileEncoding = 4; lastKnownFileType = file.xib; path = CustomView.xib; sourceTree = "<group>"; };
/* End PBXFileReference section */

/* Begin PBXFrameworksBuildPhase section */
		112ACB72178C68B500F4793C /* Frameworks */ = {
			isa = PBXFrameworksBuildPhase;
			buildActionMask = 2147483647;
			files = (
				112ACB79178C68B500F4793C /* UIKit.framework in Frameworks */,
				112ACB7B178C68B500F4793C /* Foundation.framework in Frameworks */,
				112ACB7D178C68B500F4793C /* CoreGraphics.framework in Frameworks */,
			);
			runOnlyForDeploymentPostprocessing = 0;
		};
/* End PBXFrameworksBuildPhase section */

/* Begin PBXGroup section */
		112ACB6C178C68B500F4793C = {
			isa = PBXGroup;
			children = (
				112ACB7E178C68B500F4793C /* testApp */,
				112ACB77178C68B500F4793C /* Frameworks */,
				112ACB76178C68B500F4793C /* Products */,
			);
			sourceTree = "<group>";
		};
		112ACB76178C68B500F4793C /* Products */ = {
			isa = PBXGroup;
			children = (
				112ACB75178C68B500F4793C /* testApp.app */,
			);
			name = Products;
			sourceTree = "<group>";
		};
		112ACB77178C68B500F4793C /* Frameworks */ = {
			isa = PBXGroup;
			children = (
				112ACB78178C68B500F4793C /* UIKit.framework */,
				112ACB7A178C68B500F4793C /* Foundation.framework */,
				112ACB7C178C68B500F4793C /* CoreGraphics.framework */,
			);
			name = Frameworks;
			sourceTree = "<group>";
		};
		112ACB7E178C68B500F4793C /* testApp */ = {
			isa = PBXGroup;
			children = (
				112ACB87178C68B500F4793C /* AppDelegate.h */,
				112ACB88178C68B500F4793C /* AppDelegate.m */,
				112ACB90178C68B500F4793C /* FirstViewController.h */,
				112ACB91178C68B500F4793C /* FirstViewController.m */,
				112ACB93178C68B500F4793C /* first.png */,
				112ACB95178C68B500F4793C /* first@2x.png */,
				112ACB97178C68B500F4793C /* SecondViewController.h */,
				112ACB98178C68B500F4793C /* SecondViewController.m */,
				112ACB9A178C68B500F4793C /* second.png */,
				112ACB9C178C68B500F4793C /* second@2x.png */,
				112ACB9E178C68B500F4793C /* FirstViewController.xib */,
				112ACBA1178C68B500F4793C /* SecondViewController.xib */,
				112ACB7F178C68B500F4793C /* Supporting Files */,
				112ACBA9178C72EC00F4793C /* CustomCell.h */,
				112ACBAA178C72EC00F4793C /* CustomCell.m */,
				112ACBAC178C730700F4793C /* CustomView.xib */,
			);
			path = testApp;
			sourceTree = "<group>";
		};
		112ACB7F178C68B500F4793C /* Supporting Files */ = {
			isa = PBXGroup;
			children = (
				112ACB80178C68B500F4793C /* testApp-Info.plist */,
				112ACB81178C68B500F4793C /* InfoPlist.strings */,
				112ACB84178C68B500F4793C /* main.m */,
				112ACB86178C68B500F4793C /* testApp-Prefix.pch */,
				112ACB8A178C68B500F4793C /* Default.png */,
				112ACB8C178C68B500F4793C /* Default@2x.png */,
				112ACB8E178C68B500F4793C /* Default-568h@2x.png */,
			);
			name = "Supporting Files";
			sourceTree = "<group>";
		};
/* End PBXGroup section */

/* Begin PBXNativeTarget section */
		112ACB74178C68B500F4793C /* testApp */ = {
			isa = PBXNativeTarget;
			buildConfigurationList = 112ACBA6178C68B500F4793C /* Build configuration list for PBXNativeTarget "testApp" */;
			buildPhases = (
				112ACB71178C68B500F4793C /* Sources */,
				112ACB72178C68B500F4793C /* Frameworks */,
				112ACB73178C68B500F4793C /* Resources */,
			);
			buildRules = (
			);
			dependencies = (
			);
			name = testApp;
			productName = testApp;
			productReference = 112ACB75178C68B500F4793C /* testApp.app */;
			productType = "com.apple.product-type.application";
		};
/* End PBXNativeTarget section */

/* Begin PBXProject section */
		112ACB6D178C68B500F4793C /* Project object */ = {
			isa = PBXProject;
			attributes = {
				LastUpgradeCheck = 0460;
				ORGANIZATIONNAME = "Cameron Mozie";
			};
			buildConfigurationList = 112ACB70178C68B500F4793C /* Build configuration list for PBXProject "testApp" */;
			compatibilityVersion = "Xcode 3.2";
			developmentRegion = English;
			hasScannedForEncodings = 0;
			knownRegions = (
				en,
			);
			mainGroup = 112ACB6C178C68B500F4793C;
			productRefGroup = 112ACB76178C68B500F4793C /* Products */;
			projectDirPath = "";
			projectRoot = "";
			targets = (
				112ACB74178C68B500F4793C /* testApp */,
			);
		};
/* End PBXProject section */

/* Begin PBXResourcesBuildPhase section */
		112ACB73178C68B500F4793C /* Resources */ = {
			isa = PBXResourcesBuildPhase;
			buildActionMask = 2147483647;
			files = (
				112ACB83178C68B500F4793C /* InfoPlist.strings in Resources */,
				112ACB8B178C68B500F4793C /* Default.png in Resources */,
				112ACB8D178C68B500F4793C /* Default@2x.png in Resources */,
				112ACB8F178C68B500F4793C /* Default-568h@2x.png in Resources */,
				112ACB94178C68B500F4793C /* first.png in Resources */,
				112ACB96178C68B500F4793C /* first@2x.png in Resources */,
				112ACB9B178C68B500F4793C /* second.png in Resources */,
				112ACB9D178C68B500F4793C /* second@2x.png in Resources */,
				112ACBA0178C68B500F4793C /* FirstViewController.xib in Resources */,
				112ACBA3178C68B500F4793C /* SecondViewController.xib in Resources */,
				112ACBAD178C730800F4793C /* CustomView.xib in Resources */,
			);
			runOnlyForDeploymentPostprocessing = 0;
		};
/* End PBXResourcesBuildPhase section */

/* Begin PBXSourcesBuildPhase section */
		112ACB71178C68B500F4793C /* Sources */ = {
			isa = PBXSourcesBuildPhase;
			buildActionMask = 2147483647;
			files = (
				112ACB85178C68B500F4793C /* main.m in Sources */,
				112ACB89178C68B500F4793C /* AppDelegate.m in Sources */,
				112ACB92178C68B500F4793C /* FirstViewController.m in Sources */,
				112ACB99178C68B500F4793C /* SecondViewController.m in Sources */,
				112ACBAB178C72EC00F4793C /* CustomCell.m in Sources */,
			);
			runOnlyForDeploymentPostprocessing = 0;
		};
/* End PBXSourcesBuildPhase section */

/* Begin PBXVariantGroup section */
		112ACB81178C68B500F4793C /* InfoPlist.strings */ = {
			isa = PBXVariantGroup;
			children = (
				112ACB82178C68B500F4793C /* en */,
			);
			name = InfoPlist.strings;
			sourceTree = "<group>";
		};
		112ACB9E178C68B500F4793C /* FirstViewController.xib */ = {
			isa = PBXVariantGroup;
			children = (
				112ACB9F178C68B500F4793C /* en */,
			);
			name = FirstViewController.xib;
			sourceTree = "<group>";
		};
		112ACBA1178C68B500F4793C /* SecondViewController.xib */ = {
			isa = PBXVariantGroup;
			children = (
				112ACBA2178C68B500F4793C /* en */,
			);
			name = SecondViewController.xib;
			sourceTree = "<group>";
		};
/* End PBXVariantGroup section */

/* Begin XCBuildConfiguration section */
		112ACBA4178C68B500F4793C /* Debug */ = {
			isa = XCBuildConfiguration;
			buildSettings = {
				ALWAYS_SEARCH_USER_PATHS = NO;
				CLANG_CXX_LANGUAGE_STANDARD = "gnu++0x";
				CLANG_CXX_LIBRARY = "libc++";
				CLANG_ENABLE_OBJC_ARC = YES;
				CLANG_WARN_CONSTANT_CONVERSION = YES;
				CLANG_WARN_EMPTY_BODY = YES;
				CLANG_WARN_ENUM_CONVERSION = YES;
				CLANG_WARN_INT_CONVERSION = YES;
				CLANG_WARN__DUPLICATE_METHOD_MATCH = YES;
				"CODE_SIGN_IDENTITY[sdk=iphoneos*]" = "iPhone Developer";
				COPY_PHASE_STRIP = NO;
				GCC_C_LANGUAGE_STANDARD = gnu99;
				GCC_DYNAMIC_NO_PIC = NO;
				GCC_OPTIMIZATION_LEVEL = 0;
				GCC_PREPROCESSOR_DEFINITIONS = (
					"DEBUG=1",
					"$(inherited)",
				);
				GCC_SYMBOLS_PRIVATE_EXTERN = NO;
				GCC_WARN_ABOUT_RETURN_TYPE = YES;
				GCC_WARN_UNINITIALIZED_AUTOS = YES;
				GCC_WARN_UNUSED_VARIABLE = YES;
				IPHONEOS_DEPLOYMENT_TARGET = 6.1;
				ONLY_ACTIVE_ARCH = YES;
				SDKROOT = iphoneos;
			};
			name = Debug;
		};
		112ACBA5178C68B500F4793C /* Release */ = {
			isa = XCBuildConfiguration;
			buildSettings = {
				ALWAYS_SEARCH_USER_PATHS = NO;
				CLANG_CXX_LANGUAGE_STANDARD = "gnu++0x";
				CLANG_CXX_LIBRARY = "libc++";
				CLANG_ENABLE_OBJC_ARC = YES;
				CLANG_WARN_CONSTANT_CONVERSION = YES;
				CLANG_WARN_EMPTY_BODY = YES;
				CLANG_WARN_ENUM_CONVERSION = YES;
				CLANG_WARN_INT_CONVERSION = YES;
				CLANG_WARN__DUPLICATE_METHOD_MATCH = YES;
				"CODE_SIGN_IDENTITY[sdk=iphoneos*]" = "iPhone Developer";
				COPY_PHASE_STRIP = YES;
				GCC_C_LANGUAGE_STANDARD = gnu99;
				GCC_WARN_ABOUT_RETURN_TYPE = YES;
				GCC_WARN_UNINITIALIZED_AUTOS = YES;
				GCC_WARN_UNUSED_VARIABLE = YES;
				IPHONEOS_DEPLOYMENT_TARGET = 6.1;
				OTHER_CFLAGS = "-DNS_BLOCK_ASSERTIONS=1";
				SDKROOT = iphoneos;
				VALIDATE_PRODUCT = YES;
			};
			name = Release;
		};
		112ACBA7178C68B500F4793C /* Debug */ = {
			isa = XCBuildConfiguration;
			buildSettings = {
				GCC_PRECOMPILE_PREFIX_HEADER = YES;
				GCC_PREFIX_HEADER = "testApp/testApp-Prefix.pch";
				INFOPLIST_FILE = "testApp/testApp-Info.plist";
				PRODUCT_NAME = "$(TARGET_NAME)";
				WRAPPER_EXTENSION = app;
			};
			name = Debug;
		};
		112ACBA8178C68B500F4793C /* Release */ = {
			isa = XCBuildConfiguration;
			buildSettings = {
				GCC_PRECOMPILE_PREFIX_HEADER = YES;
				GCC_PREFIX_HEADER = "testApp/testApp-Prefix.pch";
				INFOPLIST_FILE = "testApp/testApp-Info.plist";
				PRODUCT_NAME = "$(TARGET_NAME)";
				WRAPPER_EXTENSION = app;
			};
			name = Release;
		};
/* End XCBuildConfiguration section */

/* Begin XCConfigurationList section */
		112ACB70178C68B500F4793C /* Build configuration list for PBXProject "testApp" */ = {
			isa = XCConfigurationList;
			buildConfigurations = (
				112ACBA4178C68B500F4793C /* Debug */,
				112ACBA5178C68B500F4793C /* Release */,
			);
			defaultConfigurationIsVisible = 0;
			defaultConfigurationName = Release;
		};
		112ACBA6178C68B500F4793C /* Build configuration list for PBXNativeTarget "testApp" */ = {
			isa = XCConfigurationList;
			buildConfigurations = (
				112ACBA7178C68B500F4793C /* Debug */,
				112ACBA8178C68B500F4793C /* Release */,
			);
			defaultConfigurationIsVisible = 0;
		};
/* End XCConfigurationList section */
	};
	rootObject = 112ACB6D178C68B500F4793C /* Project object */;
}
