// !$*UTF8*$!
{
	archiveVersion = 1;
	classes = {
	};
	objectVersion = 46;
	objects = {

/* Begin PBXBuildFile section */
		11085F7F17CB0B2400F322DF /* Gps.png in Resources */ = {isa = PBXBuildFile; fileRef = 11085F7E17CB0B2400F322DF /* Gps.png */; };
		111FE91517B9E27600A43CBF /* CoreImage.framework in Frameworks */ = {isa = PBXBuildFile; fileRef = 111FE91417B9E27600A43CBF /* CoreImage.framework */; };
		112A31A817CD4D3C00D52180 /* NSString+stripHtml.m in Sources */ = {isa = PBXBuildFile; fileRef = 112A31A717CD4D3C00D52180 /* NSString+stripHtml.m */; };
		112A31AA17CE8FA300D52180 /* adpIcon.png in Resources */ = {isa = PBXBuildFile; fileRef = 112A31A917CE8FA200D52180 /* adpIcon.png */; };
		112A31AC17CE8FAD00D52180 /* iconADPRet.png in Resources */ = {isa = PBXBuildFile; fileRef = 112A31AB17CE8FAD00D52180 /* iconADPRet.png */; };
		1149D4D817B9E956001BFAFB /* shareButton.png in Resources */ = {isa = PBXBuildFile; fileRef = 1149D4D717B9E956001BFAFB /* shareButton.png */; };
		1149D4DA17BABC53001BFAFB /* Accounts.framework in Frameworks */ = {isa = PBXBuildFile; fileRef = 1149D4D917BABC53001BFAFB /* Accounts.framework */; };
		1149D4DC17BABC5C001BFAFB /* Social.framework in Frameworks */ = {isa = PBXBuildFile; fileRef = 1149D4DB17BABC5C001BFAFB /* Social.framework */; };
		1149D4DF17BD57AE001BFAFB /* Videos.m in Sources */ = {isa = PBXBuildFile; fileRef = 1149D4DE17BD57AE001BFAFB /* Videos.m */; };
		1149D4E217BDC265001BFAFB /* CustomTableViewCell.m in Sources */ = {isa = PBXBuildFile; fileRef = 1149D4E117BDC265001BFAFB /* CustomTableViewCell.m */; };
		1149D4E417BDC289001BFAFB /* CustomTableView.xib in Resources */ = {isa = PBXBuildFile; fileRef = 1149D4E317BDC289001BFAFB /* CustomTableView.xib */; };
		1149D4E617BDCF29001BFAFB /* MediaPlayer.framework in Frameworks */ = {isa = PBXBuildFile; fileRef = 1149D4E517BDCF29001BFAFB /* MediaPlayer.framework */; };
		1149D4E817C5BEAB001BFAFB /* bibletexture1.png in Resources */ = {isa = PBXBuildFile; fileRef = 1149D4E717C5BEAA001BFAFB /* bibletexture1.png */; };
		1149D4EC17C6A0CC001BFAFB /* MapViewController.m in Sources */ = {isa = PBXBuildFile; fileRef = 1149D4EA17C6A0CA001BFAFB /* MapViewController.m */; };
		1149D4ED17C6A0CC001BFAFB /* MapViewController.xib in Resources */ = {isa = PBXBuildFile; fileRef = 1149D4EB17C6A0CB001BFAFB /* MapViewController.xib */; };
		1149D4EF17C6A4A6001BFAFB /* MapKit.framework in Frameworks */ = {isa = PBXBuildFile; fileRef = 1149D4EE17C6A4A6001BFAFB /* MapKit.framework */; };
		1149D4F117C6A4B1001BFAFB /* CoreLocation.framework in Frameworks */ = {isa = PBXBuildFile; fileRef = 1149D4F017C6A4B1001BFAFB /* CoreLocation.framework */; };
		1149D4F417C6A876001BFAFB /* MyAnnotation.m in Sources */ = {isa = PBXBuildFile; fileRef = 1149D4F317C6A875001BFAFB /* MyAnnotation.m */; };
		1149D4F617CA809E001BFAFB /* church.png in Resources */ = {isa = PBXBuildFile; fileRef = 1149D4F517CA809A001BFAFB /* church.png */; };
		1172AE5817B4A48400E0DC06 /* UIKit.framework in Frameworks */ = {isa = PBXBuildFile; fileRef = 1172AE5717B4A48400E0DC06 /* UIKit.framework */; };
		1172AE5A17B4A48400E0DC06 /* Foundation.framework in Frameworks */ = {isa = PBXBuildFile; fileRef = 1172AE5917B4A48400E0DC06 /* Foundation.framework */; };
		1172AE5C17B4A48400E0DC06 /* CoreGraphics.framework in Frameworks */ = {isa = PBXBuildFile; fileRef = 1172AE5B17B4A48400E0DC06 /* CoreGraphics.framework */; };
		1172AE6217B4A48400E0DC06 /* InfoPlist.strings in Resources */ = {isa = PBXBuildFile; fileRef = 1172AE6017B4A48400E0DC06 /* InfoPlist.strings */; };
		1172AE6417B4A48500E0DC06 /* main.m in Sources */ = {isa = PBXBuildFile; fileRef = 1172AE6317B4A48500E0DC06 /* main.m */; };
		1172AE6817B4A48500E0DC06 /* AppDelegate.m in Sources */ = {isa = PBXBuildFile; fileRef = 1172AE6717B4A48500E0DC06 /* AppDelegate.m */; };
		1172AE6A17B4A48500E0DC06 /* Default.png in Resources */ = {isa = PBXBuildFile; fileRef = 1172AE6917B4A48500E0DC06 /* Default.png */; };
		1172AE6C17B4A48500E0DC06 /* Default@2x.png in Resources */ = {isa = PBXBuildFile; fileRef = 1172AE6B17B4A48500E0DC06 /* Default@2x.png */; };
		1172AE6E17B4A48500E0DC06 /* Default-568h@2x.png in Resources */ = {isa = PBXBuildFile; fileRef = 1172AE6D17B4A48500E0DC06 /* Default-568h@2x.png */; };
		1172AE7117B4A48500E0DC06 /* FirstViewController.m in Sources */ = {isa = PBXBuildFile; fileRef = 1172AE7017B4A48500E0DC06 /* FirstViewController.m */; };
		1172AE7317B4A48500E0DC06 /* first.png in Resources */ = {isa = PBXBuildFile; fileRef = 1172AE7217B4A48500E0DC06 /* first.png */; };
		1172AE7517B4A48500E0DC06 /* first@2x.png in Resources */ = {isa = PBXBuildFile; fileRef = 1172AE7417B4A48500E0DC06 /* first@2x.png */; };
		1172AE7817B4A48500E0DC06 /* SecondViewController.m in Sources */ = {isa = PBXBuildFile; fileRef = 1172AE7717B4A48500E0DC06 /* SecondViewController.m */; };
		1172AE7A17B4A48500E0DC06 /* second.png in Resources */ = {isa = PBXBuildFile; fileRef = 1172AE7917B4A48500E0DC06 /* second.png */; };
		1172AE7C17B4A48500E0DC06 /* second@2x.png in Resources */ = {isa = PBXBuildFile; fileRef = 1172AE7B17B4A48500E0DC06 /* second@2x.png */; };
		1172AE7F17B4A48500E0DC06 /* FirstViewController.xib in Resources */ = {isa = PBXBuildFile; fileRef = 1172AE7D17B4A48500E0DC06 /* FirstViewController.xib */; };
		1172AE8217B4A48500E0DC06 /* SecondViewController.xib in Resources */ = {isa = PBXBuildFile; fileRef = 1172AE8017B4A48500E0DC06 /* SecondViewController.xib */; };
		1172AE8B17B4A4E200E0DC06 /* ThirdTabViewController.m in Sources */ = {isa = PBXBuildFile; fileRef = 1172AE8917B4A4E200E0DC06 /* ThirdTabViewController.m */; };
		1172AE8C17B4A4E200E0DC06 /* ThirdTabViewController.xib in Resources */ = {isa = PBXBuildFile; fileRef = 1172AE8A17B4A4E200E0DC06 /* ThirdTabViewController.xib */; };
		1172AE9017B4A56D00E0DC06 /* SplashScreenViewController.m in Sources */ = {isa = PBXBuildFile; fileRef = 1172AE8E17B4A56D00E0DC06 /* SplashScreenViewController.m */; };
		1172AE9117B4A56D00E0DC06 /* SplashScreenViewController.xib in Resources */ = {isa = PBXBuildFile; fileRef = 1172AE8F17B4A56D00E0DC06 /* SplashScreenViewController.xib */; };
		1172AE9317B4A6C800E0DC06 /* bibleMainScreen.png in Resources */ = {isa = PBXBuildFile; fileRef = 1172AE9217B4A6C700E0DC06 /* bibleMainScreen.png */; };
		1172AE9517B4B40D00E0DC06 /* VerseOfDayImage.png in Resources */ = {isa = PBXBuildFile; fileRef = 1172AE9417B4B40D00E0DC06 /* VerseOfDayImage.png */; };
		1172AE9917B5A18900E0DC06 /* VideoViewController.m in Sources */ = {isa = PBXBuildFile; fileRef = 1172AE9717B5A18800E0DC06 /* VideoViewController.m */; };
		1172AE9A17B5A18900E0DC06 /* VideoViewController.xib in Resources */ = {isa = PBXBuildFile; fileRef = 1172AE9817B5A18900E0DC06 /* VideoViewController.xib */; };
		1172AE9C17B82F3600E0DC06 /* Search.png in Resources */ = {isa = PBXBuildFile; fileRef = 1172AE9B17B82F3500E0DC06 /* Search.png */; };
		1172AE9E17B82F4400E0DC06 /* Video.png in Resources */ = {isa = PBXBuildFile; fileRef = 1172AE9D17B82F4300E0DC06 /* Video.png */; };
		1172AEA017B82F5200E0DC06 /* VOTD.png in Resources */ = {isa = PBXBuildFile; fileRef = 1172AE9F17B82F5200E0DC06 /* VOTD.png */; };
/* End PBXBuildFile section */

/* Begin PBXFileReference section */
		11085F7E17CB0B2400F322DF /* Gps.png */ = {isa = PBXFileReference; lastKnownFileType = image.png; path = Gps.png; sourceTree = "<group>"; };
		111FE91417B9E27600A43CBF /* CoreImage.framework */ = {isa = PBXFileReference; lastKnownFileType = wrapper.framework; name = CoreImage.framework; path = System/Library/Frameworks/CoreImage.framework; sourceTree = SDKROOT; };
		112A31A617CD4D3C00D52180 /* NSString+stripHtml.h */ = {isa = PBXFileReference; fileEncoding = 4; lastKnownFileType = sourcecode.c.h; path = "NSString+stripHtml.h"; sourceTree = "<group>"; };
		112A31A717CD4D3C00D52180 /* NSString+stripHtml.m */ = {isa = PBXFileReference; fileEncoding = 4; lastKnownFileType = sourcecode.c.objc; path = "NSString+stripHtml.m"; sourceTree = "<group>"; };
		112A31A917CE8FA200D52180 /* adpIcon.png */ = {isa = PBXFileReference; lastKnownFileType = image.png; path = adpIcon.png; sourceTree = "<group>"; };
		112A31AB17CE8FAD00D52180 /* iconADPRet.png */ = {isa = PBXFileReference; lastKnownFileType = image.png; path = iconADPRet.png; sourceTree = "<group>"; };
		112A31AD17CE902300D52180 /* iconADPRet.png */ = {isa = PBXFileReference; lastKnownFileType = image.png; path = iconADPRet.png; sourceTree = "<group>"; };
		112A31AF17CE903E00D52180 /* adpIcon.png */ = {isa = PBXFileReference; lastKnownFileType = image.png; path = adpIcon.png; sourceTree = "<group>"; };
		1149D4D717B9E956001BFAFB /* shareButton.png */ = {isa = PBXFileReference; lastKnownFileType = image.png; path = shareButton.png; sourceTree = "<group>"; };
		1149D4D917BABC53001BFAFB /* Accounts.framework */ = {isa = PBXFileReference; lastKnownFileType = wrapper.framework; name = Accounts.framework; path = System/Library/Frameworks/Accounts.framework; sourceTree = SDKROOT; };
		1149D4DB17BABC5C001BFAFB /* Social.framework */ = {isa = PBXFileReference; lastKnownFileType = wrapper.framework; name = Social.framework; path = System/Library/Frameworks/Social.framework; sourceTree = SDKROOT; };
		1149D4DD17BD57AE001BFAFB /* Videos.h */ = {isa = PBXFileReference; fileEncoding = 4; lastKnownFileType = sourcecode.c.h; path = Videos.h; sourceTree = "<group>"; };
		1149D4DE17BD57AE001BFAFB /* Videos.m */ = {isa = PBXFileReference; fileEncoding = 4; lastKnownFileType = sourcecode.c.objc; path = Videos.m; sourceTree = "<group>"; };
		1149D4E017BDC265001BFAFB /* CustomTableViewCell.h */ = {isa = PBXFileReference; fileEncoding = 4; lastKnownFileType = sourcecode.c.h; path = CustomTableViewCell.h; sourceTree = "<group>"; };
		1149D4E117BDC265001BFAFB /* CustomTableViewCell.m */ = {isa = PBXFileReference; fileEncoding = 4; lastKnownFileType = sourcecode.c.objc; path = CustomTableViewCell.m; sourceTree = "<group>"; };
		1149D4E317BDC289001BFAFB /* CustomTableView.xib */ = {isa = PBXFileReference; fileEncoding = 4; lastKnownFileType = file.xib; path = CustomTableView.xib; sourceTree = "<group>"; };
		1149D4E517BDCF29001BFAFB /* MediaPlayer.framework */ = {isa = PBXFileReference; lastKnownFileType = wrapper.framework; name = MediaPlayer.framework; path = System/Library/Frameworks/MediaPlayer.framework; sourceTree = SDKROOT; };
		1149D4E717C5BEAA001BFAFB /* bibletexture1.png */ = {isa = PBXFileReference; lastKnownFileType = image.png; path = bibletexture1.png; sourceTree = "<group>"; };
		1149D4E917C6A0CA001BFAFB /* MapViewController.h */ = {isa = PBXFileReference; fileEncoding = 4; lastKnownFileType = sourcecode.c.h; path = MapViewController.h; sourceTree = "<group>"; };
		1149D4EA17C6A0CA001BFAFB /* MapViewController.m */ = {isa = PBXFileReference; fileEncoding = 4; lastKnownFileType = sourcecode.c.objc; path = MapViewController.m; sourceTree = "<group>"; };
		1149D4EB17C6A0CB001BFAFB /* MapViewController.xib */ = {isa = PBXFileReference; fileEncoding = 4; lastKnownFileType = file.xib; path = MapViewController.xib; sourceTree = "<group>"; };
		1149D4EE17C6A4A6001BFAFB /* MapKit.framework */ = {isa = PBXFileReference; lastKnownFileType = wrapper.framework; name = MapKit.framework; path = System/Library/Frameworks/MapKit.framework; sourceTree = SDKROOT; };
		1149D4F017C6A4B1001BFAFB /* CoreLocation.framework */ = {isa = PBXFileReference; lastKnownFileType = wrapper.framework; name = CoreLocation.framework; path = System/Library/Frameworks/CoreLocation.framework; sourceTree = SDKROOT; };
		1149D4F217C6A875001BFAFB /* MyAnnotation.h */ = {isa = PBXFileReference; fileEncoding = 4; lastKnownFileType = sourcecode.c.h; path = MyAnnotation.h; sourceTree = "<group>"; };
		1149D4F317C6A875001BFAFB /* MyAnnotation.m */ = {isa = PBXFileReference; fileEncoding = 4; lastKnownFileType = sourcecode.c.objc; path = MyAnnotation.m; sourceTree = "<group>"; };
		1149D4F517CA809A001BFAFB /* church.png */ = {isa = PBXFileReference; lastKnownFileType = image.png; path = church.png; sourceTree = "<group>"; };
		1172AE5417B4A48400E0DC06 /* testApp.app */ = {isa = PBXFileReference; explicitFileType = wrapper.application; includeInIndex = 0; path = testApp.app; sourceTree = BUILT_PRODUCTS_DIR; };
		1172AE5717B4A48400E0DC06 /* UIKit.framework */ = {isa = PBXFileReference; lastKnownFileType = wrapper.framework; name = UIKit.framework; path = System/Library/Frameworks/UIKit.framework; sourceTree = SDKROOT; };
		1172AE5917B4A48400E0DC06 /* Foundation.framework */ = {isa = PBXFileReference; lastKnownFileType = wrapper.framework; name = Foundation.framework; path = System/Library/Frameworks/Foundation.framework; sourceTree = SDKROOT; };
		1172AE5B17B4A48400E0DC06 /* CoreGraphics.framework */ = {isa = PBXFileReference; lastKnownFileType = wrapper.framework; name = CoreGraphics.framework; path = System/Library/Frameworks/CoreGraphics.framework; sourceTree = SDKROOT; };
		1172AE5F17B4A48400E0DC06 /* testApp-Info.plist */ = {isa = PBXFileReference; lastKnownFileType = text.plist.xml; path = "testApp-Info.plist"; sourceTree = "<group>"; };
		1172AE6117B4A48400E0DC06 /* en */ = {isa = PBXFileReference; lastKnownFileType = text.plist.strings; name = en; path = en.lproj/InfoPlist.strings; sourceTree = "<group>"; };
		1172AE6317B4A48500E0DC06 /* main.m */ = {isa = PBXFileReference; lastKnownFileType = sourcecode.c.objc; path = main.m; sourceTree = "<group>"; };
		1172AE6517B4A48500E0DC06 /* testApp-Prefix.pch */ = {isa = PBXFileReference; lastKnownFileType = sourcecode.c.h; path = "testApp-Prefix.pch"; sourceTree = "<group>"; };
		1172AE6617B4A48500E0DC06 /* AppDelegate.h */ = {isa = PBXFileReference; lastKnownFileType = sourcecode.c.h; path = AppDelegate.h; sourceTree = "<group>"; };
		1172AE6717B4A48500E0DC06 /* AppDelegate.m */ = {isa = PBXFileReference; lastKnownFileType = sourcecode.c.objc; path = AppDelegate.m; sourceTree = "<group>"; };
		1172AE6917B4A48500E0DC06 /* Default.png */ = {isa = PBXFileReference; lastKnownFileType = image.png; path = Default.png; sourceTree = "<group>"; };
		1172AE6B17B4A48500E0DC06 /* Default@2x.png */ = {isa = PBXFileReference; lastKnownFileType = image.png; path = "Default@2x.png"; sourceTree = "<group>"; };
		1172AE6D17B4A48500E0DC06 /* Default-568h@2x.png */ = {isa = PBXFileReference; lastKnownFileType = image.png; path = "Default-568h@2x.png"; sourceTree = "<group>"; };
		1172AE6F17B4A48500E0DC06 /* FirstViewController.h */ = {isa = PBXFileReference; lastKnownFileType = sourcecode.c.h; path = FirstViewController.h; sourceTree = "<group>"; };
		1172AE7017B4A48500E0DC06 /* FirstViewController.m */ = {isa = PBXFileReference; lastKnownFileType = sourcecode.c.objc; path = FirstViewController.m; sourceTree = "<group>"; };
		1172AE7217B4A48500E0DC06 /* first.png */ = {isa = PBXFileReference; lastKnownFileType = image.png; path = first.png; sourceTree = "<group>"; };
		1172AE7417B4A48500E0DC06 /* first@2x.png */ = {isa = PBXFileReference; lastKnownFileType = image.png; path = "first@2x.png"; sourceTree = "<group>"; };
		1172AE7617B4A48500E0DC06 /* SecondViewController.h */ = {isa = PBXFileReference; lastKnownFileType = sourcecode.c.h; path = SecondViewController.h; sourceTree = "<group>"; };
		1172AE7717B4A48500E0DC06 /* SecondViewController.m */ = {isa = PBXFileReference; lastKnownFileType = sourcecode.c.objc; path = SecondViewController.m; sourceTree = "<group>"; };
		1172AE7917B4A48500E0DC06 /* second.png */ = {isa = PBXFileReference; lastKnownFileType = image.png; path = second.png; sourceTree = "<group>"; };
		1172AE7B17B4A48500E0DC06 /* second@2x.png */ = {isa = PBXFileReference; lastKnownFileType = image.png; path = "second@2x.png"; sourceTree = "<group>"; };
		1172AE7E17B4A48500E0DC06 /* en */ = {isa = PBXFileReference; lastKnownFileType = file.xib; name = en; path = en.lproj/FirstViewController.xib; sourceTree = "<group>"; };
		1172AE8117B4A48500E0DC06 /* en */ = {isa = PBXFileReference; lastKnownFileType = file.xib; name = en; path = en.lproj/SecondViewController.xib; sourceTree = "<group>"; };
		1172AE8817B4A4E200E0DC06 /* ThirdTabViewController.h */ = {isa = PBXFileReference; fileEncoding = 4; lastKnownFileType = sourcecode.c.h; path = ThirdTabViewController.h; sourceTree = "<group>"; };
		1172AE8917B4A4E200E0DC06 /* ThirdTabViewController.m */ = {isa = PBXFileReference; fileEncoding = 4; lastKnownFileType = sourcecode.c.objc; path = ThirdTabViewController.m; sourceTree = "<group>"; };
		1172AE8A17B4A4E200E0DC06 /* ThirdTabViewController.xib */ = {isa = PBXFileReference; fileEncoding = 4; lastKnownFileType = file.xib; path = ThirdTabViewController.xib; sourceTree = "<group>"; };
		1172AE8D17B4A56D00E0DC06 /* SplashScreenViewController.h */ = {isa = PBXFileReference; fileEncoding = 4; lastKnownFileType = sourcecode.c.h; path = SplashScreenViewController.h; sourceTree = "<group>"; };
		1172AE8E17B4A56D00E0DC06 /* SplashScreenViewController.m */ = {isa = PBXFileReference; fileEncoding = 4; lastKnownFileType = sourcecode.c.objc; path = SplashScreenViewController.m; sourceTree = "<group>"; };
		1172AE8F17B4A56D00E0DC06 /* SplashScreenViewController.xib */ = {isa = PBXFileReference; fileEncoding = 4; lastKnownFileType = file.xib; path = SplashScreenViewController.xib; sourceTree = "<group>"; };
		1172AE9217B4A6C700E0DC06 /* bibleMainScreen.png */ = {isa = PBXFileReference; lastKnownFileType = image.png; path = bibleMainScreen.png; sourceTree = "<group>"; };
		1172AE9417B4B40D00E0DC06 /* VerseOfDayImage.png */ = {isa = PBXFileReference; lastKnownFileType = image.png; path = VerseOfDayImage.png; sourceTree = "<group>"; };
		1172AE9617B5A18700E0DC06 /* VideoViewController.h */ = {isa = PBXFileReference; fileEncoding = 4; lastKnownFileType = sourcecode.c.h; path = VideoViewController.h; sourceTree = "<group>"; };
		1172AE9717B5A18800E0DC06 /* VideoViewController.m */ = {isa = PBXFileReference; fileEncoding = 4; lastKnownFileType = sourcecode.c.objc; path = VideoViewController.m; sourceTree = "<group>"; };
		1172AE9817B5A18900E0DC06 /* VideoViewController.xib */ = {isa = PBXFileReference; fileEncoding = 4; lastKnownFileType = file.xib; path = VideoViewController.xib; sourceTree = "<group>"; };
		1172AE9B17B82F3500E0DC06 /* Search.png */ = {isa = PBXFileReference; lastKnownFileType = image.png; path = Search.png; sourceTree = "<group>"; };
		1172AE9D17B82F4300E0DC06 /* Video.png */ = {isa = PBXFileReference; lastKnownFileType = image.png; path = Video.png; sourceTree = "<group>"; };
		1172AE9F17B82F5200E0DC06 /* VOTD.png */ = {isa = PBXFileReference; lastKnownFileType = image.png; path = VOTD.png; sourceTree = "<group>"; };
/* End PBXFileReference section */

/* Begin PBXFrameworksBuildPhase section */
		1172AE5117B4A48400E0DC06 /* Frameworks */ = {
			isa = PBXFrameworksBuildPhase;
			buildActionMask = 2147483647;
			files = (
				1149D4F117C6A4B1001BFAFB /* CoreLocation.framework in Frameworks */,
				1149D4EF17C6A4A6001BFAFB /* MapKit.framework in Frameworks */,
				1149D4E617BDCF29001BFAFB /* MediaPlayer.framework in Frameworks */,
				1149D4DC17BABC5C001BFAFB /* Social.framework in Frameworks */,
				1149D4DA17BABC53001BFAFB /* Accounts.framework in Frameworks */,
				111FE91517B9E27600A43CBF /* CoreImage.framework in Frameworks */,
				1172AE5817B4A48400E0DC06 /* UIKit.framework in Frameworks */,
				1172AE5A17B4A48400E0DC06 /* Foundation.framework in Frameworks */,
				1172AE5C17B4A48400E0DC06 /* CoreGraphics.framework in Frameworks */,
			);
			runOnlyForDeploymentPostprocessing = 0;
		};
/* End PBXFrameworksBuildPhase section */

/* Begin PBXGroup section */
		1172AE4B17B4A48400E0DC06 = {
			isa = PBXGroup;
			children = (
				112A31AF17CE903E00D52180 /* adpIcon.png */,
				112A31AD17CE902300D52180 /* iconADPRet.png */,
				1149D4F017C6A4B1001BFAFB /* CoreLocation.framework */,
				1149D4EE17C6A4A6001BFAFB /* MapKit.framework */,
				1149D4E517BDCF29001BFAFB /* MediaPlayer.framework */,
				1172AE5D17B4A48400E0DC06 /* testApp */,
				1172AE5617B4A48400E0DC06 /* Frameworks */,
				1172AE5517B4A48400E0DC06 /* Products */,
			);
			sourceTree = "<group>";
		};
		1172AE5517B4A48400E0DC06 /* Products */ = {
			isa = PBXGroup;
			children = (
				1172AE5417B4A48400E0DC06 /* testApp.app */,
			);
			name = Products;
			sourceTree = "<group>";
		};
		1172AE5617B4A48400E0DC06 /* Frameworks */ = {
			isa = PBXGroup;
			children = (
				1149D4DB17BABC5C001BFAFB /* Social.framework */,
				1149D4D917BABC53001BFAFB /* Accounts.framework */,
				111FE91417B9E27600A43CBF /* CoreImage.framework */,
				1172AE5717B4A48400E0DC06 /* UIKit.framework */,
				1172AE5917B4A48400E0DC06 /* Foundation.framework */,
				1172AE5B17B4A48400E0DC06 /* CoreGraphics.framework */,
			);
			name = Frameworks;
			sourceTree = "<group>";
		};
		1172AE5D17B4A48400E0DC06 /* testApp */ = {
			isa = PBXGroup;
			children = (
				112A31AB17CE8FAD00D52180 /* iconADPRet.png */,
				112A31A917CE8FA200D52180 /* adpIcon.png */,
				11085F7E17CB0B2400F322DF /* Gps.png */,
				1149D4F517CA809A001BFAFB /* church.png */,
				1149D4E717C5BEAA001BFAFB /* bibletexture1.png */,
				1149D4D717B9E956001BFAFB /* shareButton.png */,
				1172AE9F17B82F5200E0DC06 /* VOTD.png */,
				1172AE9D17B82F4300E0DC06 /* Video.png */,
				1172AE9B17B82F3500E0DC06 /* Search.png */,
				1172AE9417B4B40D00E0DC06 /* VerseOfDayImage.png */,
				1172AE9217B4A6C700E0DC06 /* bibleMainScreen.png */,
				1172AE6617B4A48500E0DC06 /* AppDelegate.h */,
				1172AE6717B4A48500E0DC06 /* AppDelegate.m */,
				1172AE6F17B4A48500E0DC06 /* FirstViewController.h */,
				1172AE7017B4A48500E0DC06 /* FirstViewController.m */,
				1172AE7217B4A48500E0DC06 /* first.png */,
				1172AE7417B4A48500E0DC06 /* first@2x.png */,
				1172AE7617B4A48500E0DC06 /* SecondViewController.h */,
				1172AE7717B4A48500E0DC06 /* SecondViewController.m */,
				1172AE7917B4A48500E0DC06 /* second.png */,
				1172AE7B17B4A48500E0DC06 /* second@2x.png */,
				1172AE7D17B4A48500E0DC06 /* FirstViewController.xib */,
				1172AE8017B4A48500E0DC06 /* SecondViewController.xib */,
				1172AE5E17B4A48400E0DC06 /* Supporting Files */,
				1172AE8817B4A4E200E0DC06 /* ThirdTabViewController.h */,
				1172AE8917B4A4E200E0DC06 /* ThirdTabViewController.m */,
				1172AE8A17B4A4E200E0DC06 /* ThirdTabViewController.xib */,
				1172AE8D17B4A56D00E0DC06 /* SplashScreenViewController.h */,
				1172AE8E17B4A56D00E0DC06 /* SplashScreenViewController.m */,
				1172AE8F17B4A56D00E0DC06 /* SplashScreenViewController.xib */,
				1172AE9617B5A18700E0DC06 /* VideoViewController.h */,
				1172AE9717B5A18800E0DC06 /* VideoViewController.m */,
				1172AE9817B5A18900E0DC06 /* VideoViewController.xib */,
				1149D4DD17BD57AE001BFAFB /* Videos.h */,
				1149D4DE17BD57AE001BFAFB /* Videos.m */,
				1149D4E017BDC265001BFAFB /* CustomTableViewCell.h */,
				1149D4E117BDC265001BFAFB /* CustomTableViewCell.m */,
				1149D4E317BDC289001BFAFB /* CustomTableView.xib */,
				1149D4E917C6A0CA001BFAFB /* MapViewController.h */,
				1149D4EA17C6A0CA001BFAFB /* MapViewController.m */,
				1149D4EB17C6A0CB001BFAFB /* MapViewController.xib */,
				1149D4F217C6A875001BFAFB /* MyAnnotation.h */,
				1149D4F317C6A875001BFAFB /* MyAnnotation.m */,
				112A31A617CD4D3C00D52180 /* NSString+stripHtml.h */,
				112A31A717CD4D3C00D52180 /* NSString+stripHtml.m */,
			);
			path = testApp;
			sourceTree = "<group>";
		};
		1172AE5E17B4A48400E0DC06 /* Supporting Files */ = {
			isa = PBXGroup;
			children = (
				1172AE5F17B4A48400E0DC06 /* testApp-Info.plist */,
				1172AE6017B4A48400E0DC06 /* InfoPlist.strings */,
				1172AE6317B4A48500E0DC06 /* main.m */,
				1172AE6517B4A48500E0DC06 /* testApp-Prefix.pch */,
				1172AE6917B4A48500E0DC06 /* Default.png */,
				1172AE6B17B4A48500E0DC06 /* Default@2x.png */,
				1172AE6D17B4A48500E0DC06 /* Default-568h@2x.png */,
			);
			name = "Supporting Files";
			sourceTree = "<group>";
		};
/* End PBXGroup section */

/* Begin PBXNativeTarget section */
		1172AE5317B4A48400E0DC06 /* testApp */ = {
			isa = PBXNativeTarget;
			buildConfigurationList = 1172AE8517B4A48500E0DC06 /* Build configuration list for PBXNativeTarget "testApp" */;
			buildPhases = (
				1172AE5017B4A48400E0DC06 /* Sources */,
				1172AE5117B4A48400E0DC06 /* Frameworks */,
				1172AE5217B4A48400E0DC06 /* Resources */,
			);
			buildRules = (
			);
			dependencies = (
			);
			name = testApp;
			productName = testApp;
			productReference = 1172AE5417B4A48400E0DC06 /* testApp.app */;
			productType = "com.apple.product-type.application";
		};
/* End PBXNativeTarget section */

/* Begin PBXProject section */
		1172AE4C17B4A48400E0DC06 /* Project object */ = {
			isa = PBXProject;
			attributes = {
				LastUpgradeCheck = 0460;
				ORGANIZATIONNAME = "Cameron Mozie";
			};
			buildConfigurationList = 1172AE4F17B4A48400E0DC06 /* Build configuration list for PBXProject "testApp" */;
			compatibilityVersion = "Xcode 3.2";
			developmentRegion = English;
			hasScannedForEncodings = 0;
			knownRegions = (
				en,
			);
			mainGroup = 1172AE4B17B4A48400E0DC06;
			productRefGroup = 1172AE5517B4A48400E0DC06 /* Products */;
			projectDirPath = "";
			projectRoot = "";
			targets = (
				1172AE5317B4A48400E0DC06 /* testApp */,
			);
		};
/* End PBXProject section */

/* Begin PBXResourcesBuildPhase section */
		1172AE5217B4A48400E0DC06 /* Resources */ = {
			isa = PBXResourcesBuildPhase;
			buildActionMask = 2147483647;
			files = (
				1172AE6217B4A48400E0DC06 /* InfoPlist.strings in Resources */,
				1172AE6A17B4A48500E0DC06 /* Default.png in Resources */,
				1172AE6C17B4A48500E0DC06 /* Default@2x.png in Resources */,
				1172AE6E17B4A48500E0DC06 /* Default-568h@2x.png in Resources */,
				1172AE7317B4A48500E0DC06 /* first.png in Resources */,
				1172AE7517B4A48500E0DC06 /* first@2x.png in Resources */,
				1172AE7A17B4A48500E0DC06 /* second.png in Resources */,
				1172AE7C17B4A48500E0DC06 /* second@2x.png in Resources */,
				1172AE7F17B4A48500E0DC06 /* FirstViewController.xib in Resources */,
				1172AE8217B4A48500E0DC06 /* SecondViewController.xib in Resources */,
				1172AE8C17B4A4E200E0DC06 /* ThirdTabViewController.xib in Resources */,
				1172AE9117B4A56D00E0DC06 /* SplashScreenViewController.xib in Resources */,
				1172AE9317B4A6C800E0DC06 /* bibleMainScreen.png in Resources */,
				1172AE9517B4B40D00E0DC06 /* VerseOfDayImage.png in Resources */,
				1172AE9A17B5A18900E0DC06 /* VideoViewController.xib in Resources */,
				1172AE9C17B82F3600E0DC06 /* Search.png in Resources */,
				1172AE9E17B82F4400E0DC06 /* Video.png in Resources */,
				1172AEA017B82F5200E0DC06 /* VOTD.png in Resources */,
				1149D4D817B9E956001BFAFB /* shareButton.png in Resources */,
				1149D4E417BDC289001BFAFB /* CustomTableView.xib in Resources */,
				1149D4E817C5BEAB001BFAFB /* bibletexture1.png in Resources */,
				1149D4ED17C6A0CC001BFAFB /* MapViewController.xib in Resources */,
				1149D4F617CA809E001BFAFB /* church.png in Resources */,
				11085F7F17CB0B2400F322DF /* Gps.png in Resources */,
				112A31AA17CE8FA300D52180 /* adpIcon.png in Resources */,
				112A31AC17CE8FAD00D52180 /* iconADPRet.png in Resources */,
			);
			runOnlyForDeploymentPostprocessing = 0;
		};
/* End PBXResourcesBuildPhase section */

/* Begin PBXSourcesBuildPhase section */
		1172AE5017B4A48400E0DC06 /* Sources */ = {
			isa = PBXSourcesBuildPhase;
			buildActionMask = 2147483647;
			files = (
				1172AE6417B4A48500E0DC06 /* main.m in Sources */,
				1172AE6817B4A48500E0DC06 /* AppDelegate.m in Sources */,
				1172AE7117B4A48500E0DC06 /* FirstViewController.m in Sources */,
				1172AE7817B4A48500E0DC06 /* SecondViewController.m in Sources */,
				1172AE8B17B4A4E200E0DC06 /* ThirdTabViewController.m in Sources */,
				1172AE9017B4A56D00E0DC06 /* SplashScreenViewController.m in Sources */,
				1172AE9917B5A18900E0DC06 /* VideoViewController.m in Sources */,
				1149D4DF17BD57AE001BFAFB /* Videos.m in Sources */,
				1149D4E217BDC265001BFAFB /* CustomTableViewCell.m in Sources */,
				1149D4EC17C6A0CC001BFAFB /* MapViewController.m in Sources */,
				1149D4F417C6A876001BFAFB /* MyAnnotation.m in Sources */,
				112A31A817CD4D3C00D52180 /* NSString+stripHtml.m in Sources */,
			);
			runOnlyForDeploymentPostprocessing = 0;
		};
/* End PBXSourcesBuildPhase section */

/* Begin PBXVariantGroup section */
		1172AE6017B4A48400E0DC06 /* InfoPlist.strings */ = {
			isa = PBXVariantGroup;
			children = (
				1172AE6117B4A48400E0DC06 /* en */,
			);
			name = InfoPlist.strings;
			sourceTree = "<group>";
		};
		1172AE7D17B4A48500E0DC06 /* FirstViewController.xib */ = {
			isa = PBXVariantGroup;
			children = (
				1172AE7E17B4A48500E0DC06 /* en */,
			);
			name = FirstViewController.xib;
			sourceTree = "<group>";
		};
		1172AE8017B4A48500E0DC06 /* SecondViewController.xib */ = {
			isa = PBXVariantGroup;
			children = (
				1172AE8117B4A48500E0DC06 /* en */,
			);
			name = SecondViewController.xib;
			sourceTree = "<group>";
		};
/* End PBXVariantGroup section */

/* Begin XCBuildConfiguration section */
		1172AE8317B4A48500E0DC06 /* Debug */ = {
			isa = XCBuildConfiguration;
			buildSettings = {
				ALWAYS_SEARCH_USER_PATHS = NO;
				CLANG_CXX_LANGUAGE_STANDARD = "gnu++0x";
				CLANG_CXX_LIBRARY = "libc++";
				CLANG_ENABLE_OBJC_ARC = YES;
				CLANG_WARN_CONSTANT_CONVERSION = YES;
				CLANG_WARN_EMPTY_BODY = YES;
				CLANG_WARN_ENUM_CONVERSION = YES;
				CLANG_WARN_INT_CONVERSION = YES;
				CLANG_WARN__DUPLICATE_METHOD_MATCH = YES;
				"CODE_SIGN_IDENTITY[sdk=iphoneos*]" = "iPhone Developer";
				COPY_PHASE_STRIP = NO;
				GCC_C_LANGUAGE_STANDARD = gnu99;
				GCC_DYNAMIC_NO_PIC = NO;
				GCC_OPTIMIZATION_LEVEL = 0;
				GCC_PREPROCESSOR_DEFINITIONS = (
					"DEBUG=1",
					"$(inherited)",
				);
				GCC_SYMBOLS_PRIVATE_EXTERN = NO;
				GCC_WARN_ABOUT_RETURN_TYPE = YES;
				GCC_WARN_UNINITIALIZED_AUTOS = YES;
				GCC_WARN_UNUSED_VARIABLE = YES;
				IPHONEOS_DEPLOYMENT_TARGET = 6.1;
				ONLY_ACTIVE_ARCH = YES;
				SDKROOT = iphoneos;
			};
			name = Debug;
		};
		1172AE8417B4A48500E0DC06 /* Release */ = {
			isa = XCBuildConfiguration;
			buildSettings = {
				ALWAYS_SEARCH_USER_PATHS = NO;
				CLANG_CXX_LANGUAGE_STANDARD = "gnu++0x";
				CLANG_CXX_LIBRARY = "libc++";
				CLANG_ENABLE_OBJC_ARC = YES;
				CLANG_WARN_CONSTANT_CONVERSION = YES;
				CLANG_WARN_EMPTY_BODY = YES;
				CLANG_WARN_ENUM_CONVERSION = YES;
				CLANG_WARN_INT_CONVERSION = YES;
				CLANG_WARN__DUPLICATE_METHOD_MATCH = YES;
				"CODE_SIGN_IDENTITY[sdk=iphoneos*]" = "iPhone Developer";
				COPY_PHASE_STRIP = YES;
				GCC_C_LANGUAGE_STANDARD = gnu99;
				GCC_WARN_ABOUT_RETURN_TYPE = YES;
				GCC_WARN_UNINITIALIZED_AUTOS = YES;
				GCC_WARN_UNUSED_VARIABLE = YES;
				IPHONEOS_DEPLOYMENT_TARGET = 6.1;
				OTHER_CFLAGS = "-DNS_BLOCK_ASSERTIONS=1";
				SDKROOT = iphoneos;
				VALIDATE_PRODUCT = YES;
			};
			name = Release;
		};
		1172AE8617B4A48500E0DC06 /* Debug */ = {
			isa = XCBuildConfiguration;
			buildSettings = {
				GCC_PRECOMPILE_PREFIX_HEADER = YES;
				GCC_PREFIX_HEADER = "testApp/testApp-Prefix.pch";
				INFOPLIST_FILE = "testApp/testApp-Info.plist";
				IPHONEOS_DEPLOYMENT_TARGET = 6.1;
				PRODUCT_NAME = "$(TARGET_NAME)";
				WRAPPER_EXTENSION = app;
			};
			name = Debug;
		};
		1172AE8717B4A48500E0DC06 /* Release */ = {
			isa = XCBuildConfiguration;
			buildSettings = {
				GCC_PRECOMPILE_PREFIX_HEADER = YES;
				GCC_PREFIX_HEADER = "testApp/testApp-Prefix.pch";
				INFOPLIST_FILE = "testApp/testApp-Info.plist";
				IPHONEOS_DEPLOYMENT_TARGET = 6.1;
				PRODUCT_NAME = "$(TARGET_NAME)";
				WRAPPER_EXTENSION = app;
			};
			name = Release;
		};
/* End XCBuildConfiguration section */

/* Begin XCConfigurationList section */
		1172AE4F17B4A48400E0DC06 /* Build configuration list for PBXProject "testApp" */ = {
			isa = XCConfigurationList;
			buildConfigurations = (
				1172AE8317B4A48500E0DC06 /* Debug */,
				1172AE8417B4A48500E0DC06 /* Release */,
			);
			defaultConfigurationIsVisible = 0;
			defaultConfigurationName = Release;
		};
		1172AE8517B4A48500E0DC06 /* Build configuration list for PBXNativeTarget "testApp" */ = {
			isa = XCConfigurationList;
			buildConfigurations = (
				1172AE8617B4A48500E0DC06 /* Debug */,
				1172AE8717B4A48500E0DC06 /* Release */,
			);
			defaultConfigurationIsVisible = 0;
			defaultConfigurationName = Release;
		};
/* End XCConfigurationList section */
	};
	rootObject = 1172AE4C17B4A48400E0DC06 /* Project object */;
}
